
Microsoft Visual Studio Solution File, Format Version 12.00
# Visual Studio Version 17
VisualStudioVersion = 17.9.34622.214
MinimumVisualStudioVersion = 10.0.40219.1
Project("{FAE04EC0-301F-11D3-BF4B-00C04F79EFBC}") = "Vojska", "Vojska\Vojska.csproj", "{2A2E8446-2333-4A1E-B36F-F9FEC7AD2D6A}"
EndProject
Global
	GlobalSection(SolutionConfigurationPlatforms) = preSolution
		Debug|Any CPU = Debug|Any CPU
		Release|Any CPU = Release|Any CPU
	EndGlobalSection
	GlobalSection(ProjectConfigurationPlatforms) = postSolution
		{2A2E8446-2333-4A1E-B36F-F9FEC7AD2D6A}.Debug|Any CPU.ActiveCfg = Debug|Any CPU
		{2A2E8446-2333-4A1E-B36F-F9FEC7AD2D6A}.Debug|Any CPU.Build.0 = Debug|Any CPU
		{2A2E8446-2333-4A1E-B36F-F9FEC7AD2D6A}.Release|Any CPU.ActiveCfg = Release|Any CPU
		{2A2E8446-2333-4A1E-B36F-F9FEC7AD2D6A}.Release|Any CPU.Build.0 = Release|Any CPU
	EndGlobalSection
	GlobalSection(SolutionProperties) = preSolution
		HideSolutionNode = FALSE
	EndGlobalSection
	GlobalSection(ExtensibilityGlobals) = postSolution
		SolutionGuid = {DFC78A53-D290-42B8-80DA-65DE75D2866B}
	EndGlobalSection
EndGlobal
