
Microsoft Visual Studio Solution File, Format Version 12.00
# Visual Studio Version 17
VisualStudioVersion = 17.9.34622.214
MinimumVisualStudioVersion = 10.0.40219.1
Project("{FAE04EC0-301F-11D3-BF4B-00C04F79EFBC}") = "Krstarenje-jun24", "Krstarenje-jun24\Krstarenje-jun24.csproj", "{DB5CF7A0-92F1-4521-8923-0A72F9F672C9}"
EndProject
Global
	GlobalSection(SolutionConfigurationPlatforms) = preSolution
		Debug|Any CPU = Debug|Any CPU
		Release|Any CPU = Release|Any CPU
	EndGlobalSection
	GlobalSection(ProjectConfigurationPlatforms) = postSolution
		{DB5CF7A0-92F1-4521-8923-0A72F9F672C9}.Debug|Any CPU.ActiveCfg = Debug|Any CPU
		{DB5CF7A0-92F1-4521-8923-0A72F9F672C9}.Debug|Any CPU.Build.0 = Debug|Any CPU
		{DB5CF7A0-92F1-4521-8923-0A72F9F672C9}.Release|Any CPU.ActiveCfg = Release|Any CPU
		{DB5CF7A0-92F1-4521-8923-0A72F9F672C9}.Release|Any CPU.Build.0 = Release|Any CPU
	EndGlobalSection
	GlobalSection(SolutionProperties) = preSolution
		HideSolutionNode = FALSE
	EndGlobalSection
	GlobalSection(ExtensibilityGlobals) = postSolution
		SolutionGuid = {528285D6-9850-406A-B8DE-A88AAB410714}
	EndGlobalSection
EndGlobal
