
Microsoft Visual Studio Solution File, Format Version 12.00
# Visual Studio Version 17
VisualStudioVersion = 17.5.33424.131
MinimumVisualStudioVersion = 10.0.40219.1
Project("{FAE04EC0-301F-11D3-BF4B-00C04F79EFBC}") = "z4", "z4\z4.csproj", "{52F0EAF1-FCEF-436D-BA40-EA43F1C450DF}"
EndProject
Global
	GlobalSection(SolutionConfigurationPlatforms) = preSolution
		Debug|Any CPU = Debug|Any CPU
		Release|Any CPU = Release|Any CPU
	EndGlobalSection
	GlobalSection(ProjectConfigurationPlatforms) = postSolution
		{52F0EAF1-FCEF-436D-BA40-EA43F1C450DF}.Debug|Any CPU.ActiveCfg = Debug|Any CPU
		{52F0EAF1-FCEF-436D-BA40-EA43F1C450DF}.Debug|Any CPU.Build.0 = Debug|Any CPU
		{52F0EAF1-FCEF-436D-BA40-EA43F1C450DF}.Release|Any CPU.ActiveCfg = Release|Any CPU
		{52F0EAF1-FCEF-436D-BA40-EA43F1C450DF}.Release|Any CPU.Build.0 = Release|Any CPU
	EndGlobalSection
	GlobalSection(SolutionProperties) = preSolution
		HideSolutionNode = FALSE
	EndGlobalSection
	GlobalSection(ExtensibilityGlobals) = postSolution
		SolutionGuid = {CC316CB5-AF21-4AEC-B5DB-9693BA557A6E}
	EndGlobalSection
EndGlobal
