
Microsoft Visual Studio Solution File, Format Version 12.00
# Visual Studio Version 17
VisualStudioVersion = 17.5.33424.131
MinimumVisualStudioVersion = 10.0.40219.1
Project("{FAE04EC0-301F-11D3-BF4B-00C04F79EFBC}") = "vezbee5z1", "vezbee5z1\vezbee5z1.csproj", "{2B706A84-32D0-4CCE-BB25-D43499F06C70}"
EndProject
Project("{FAE04EC0-301F-11D3-BF4B-00C04F79EFBC}") = "vezbe5z2", "vezbe5z2\vezbe5z2.csproj", "{BBF78FB4-ED9B-42FE-98AD-6E973AB6C3E2}"
EndProject
Global
	GlobalSection(SolutionConfigurationPlatforms) = preSolution
		Debug|Any CPU = Debug|Any CPU
		Release|Any CPU = Release|Any CPU
	EndGlobalSection
	GlobalSection(ProjectConfigurationPlatforms) = postSolution
		{2B706A84-32D0-4CCE-BB25-D43499F06C70}.Debug|Any CPU.ActiveCfg = Debug|Any CPU
		{2B706A84-32D0-4CCE-BB25-D43499F06C70}.Debug|Any CPU.Build.0 = Debug|Any CPU
		{2B706A84-32D0-4CCE-BB25-D43499F06C70}.Release|Any CPU.ActiveCfg = Release|Any CPU
		{2B706A84-32D0-4CCE-BB25-D43499F06C70}.Release|Any CPU.Build.0 = Release|Any CPU
		{BBF78FB4-ED9B-42FE-98AD-6E973AB6C3E2}.Debug|Any CPU.ActiveCfg = Debug|Any CPU
		{BBF78FB4-ED9B-42FE-98AD-6E973AB6C3E2}.Debug|Any CPU.Build.0 = Debug|Any CPU
		{BBF78FB4-ED9B-42FE-98AD-6E973AB6C3E2}.Release|Any CPU.ActiveCfg = Release|Any CPU
		{BBF78FB4-ED9B-42FE-98AD-6E973AB6C3E2}.Release|Any CPU.Build.0 = Release|Any CPU
	EndGlobalSection
	GlobalSection(SolutionProperties) = preSolution
		HideSolutionNode = FALSE
	EndGlobalSection
	GlobalSection(ExtensibilityGlobals) = postSolution
		SolutionGuid = {80B0675F-C7D2-42B1-8EB8-B6CE92E4737E}
	EndGlobalSection
EndGlobal
